<?xml version="1.0" encoding="utf-8"?>
<Project ToolsVersion="4.0" xmlns="http://schemas.microsoft.com/developer/msbuild/2003">
  <ItemGroup>
    <Filter Include="Source Files">
      <UniqueIdentifier>{4FC737F1-C7A5-4376-A066-2A32D752A2FF}</UniqueIdentifier>
      <Extensions>cpp;c;cc;cxx;c++;def;odl;idl;hpj;bat;asm;asmx</Extensions>
    </Filter>
    <Filter Include="Header Files">
      <UniqueIdentifier>{93995380-89BD-4b04-88EB-625FBE52EBFB}</UniqueIdentifier>
      <Extensions>h;hh;hpp;hxx;h++;hm;inl;inc;ipp;xsd</Extensions>
    </Filter>
    <Filter Include="Resource Files">
      <UniqueIdentifier>{67DA6AB6-F800-4c08-8B7A-83BB121AAD01}</UniqueIdentifier>
      <Extensions>rc;ico;cur;bmp;dlg;rc2;rct;bin;rgs;gif;jpg;jpeg;jpe;resx;tiff;tif;png;wav;mfcribbon-ms</Extensions>
    </Filter>
  </ItemGroup>
  <ItemGroup>
    <ClCompile Include="FourInARaw.cpp">
      <Filter>Source Files</Filter>
    </ClCompile>
    <ClCompile Include="Disc.cpp">
      <Filter>Source Files</Filter>
    </ClCompile>
    <ClCompile Include="Game.cpp">
      <Filter>Source Files</Filter>
    </ClCompile>
    <ClCompile Include="PlayerBase.cpp">
      <Filter>Source Files</Filter>
    </ClCompile>
    <ClCompile Include="PlayerAuto.cpp">
      <Filter>Source Files</Filter>
    </ClCompile>
    <ClCompile Include="EasyLevelStrategy.cpp">
      <Filter>Source Files</Filter>
    </ClCompile>
    <ClCompile Include="PlayerManual.cpp">
      <Filter>Source Files</Filter>
    </ClCompile>
    <ClCompile Include="MediumLevelStrategy.cpp">
      <Filter>Source Files</Filter>
    </ClCompile>
    <ClCompile Include="HardLevelStrategy.cpp">
      <Filter>Source Files</Filter>
    </ClCompile>
    <ClCompile Include="InitGameState.cpp">
      <Filter>Source Files</Filter>
    </ClCompile>
    <ClCompile Include="EndGameState.cpp">
      <Filter>Source Files</Filter>
    </ClCompile>
    <ClCompile Include="PlayTurnGameState.cpp">
      <Filter>Source Files</Filter>
    </ClCompile>
    <ClCompile Include="CheckGameState.cpp">
      <Filter>Source Files</Filter>
    </ClCompile>
    <ClCompile Include="Board.cpp">
      <Filter>Source Files</Filter>
    </ClCompile>
    <ClCompile Include="GameController.cpp">
      <Filter>Source Files</Filter>
    </ClCompile>
    <ClCompile Include="GameConsuleView.cpp">
      <Filter>Source Files</Filter>
    </ClCompile>
    <ClCompile Include="InitAckCmd.cpp">
      <Filter>Source Files</Filter>
    </ClCompile>
    <ClCompile Include="PlayTurnAckCmd.cpp">
      <Filter>Source Files</Filter>
    </ClCompile>
  </ItemGroup>
  <ItemGroup>
    <ClInclude Include="Disc.h">
      <Filter>Header Files</Filter>
    </ClInclude>
    <ClInclude Include="Game.h">
      <Filter>Header Files</Filter>
    </ClInclude>
    <ClInclude Include="ISubject.h">
      <Filter>Header Files</Filter>
    </ClInclude>
    <ClInclude Include="PlayerBase.h">
      <Filter>Header Files</Filter>
    </ClInclude>
    <ClInclude Include="PlayerAuto.h">
      <Filter>Header Files</Filter>
    </ClInclude>
    <ClInclude Include="ILevelStrategy.h">
      <Filter>Header Files</Filter>
    </ClInclude>
    <ClInclude Include="EasyLevelStrategy.h">
      <Filter>Header Files</Filter>
    </ClInclude>
    <ClInclude Include="GameConst.h">
      <Filter>Header Files</Filter>
    </ClInclude>
    <ClInclude Include="IGameObserver.h">
      <Filter>Header Files</Filter>
    </ClInclude>
    <ClInclude Include="ICmd.h">
      <Filter>Header Files</Filter>
    </ClInclude>
    <ClInclude Include="Semaphore.h">
      <Filter>Header Files</Filter>
    </ClInclude>
    <ClInclude Include="MediumLevelStrategy.h">
      <Filter>Header Files</Filter>
    </ClInclude>
    <ClInclude Include="HardLevelStrategy.h">
      <Filter>Header Files</Filter>
    </ClInclude>
    <ClInclude Include="IGameState.h">
      <Filter>Header Files</Filter>
    </ClInclude>
    <ClInclude Include="InitGameState.h">
      <Filter>Header Files</Filter>
    </ClInclude>
    <ClInclude Include="EndGameState.h">
      <Filter>Header Files</Filter>
    </ClInclude>
    <ClInclude Include="PlayTurnGameState.h">
      <Filter>Header Files</Filter>
    </ClInclude>
    <ClInclude Include="CheckGameState.h">
      <Filter>Header Files</Filter>
    </ClInclude>
    <ClInclude Include="Board.h">
      <Filter>Header Files</Filter>
    </ClInclude>
    <ClInclude Include="GameController.h">
      <Filter>Header Files</Filter>
    </ClInclude>
    <ClInclude Include="GameConsuleView.h">
      <Filter>Header Files</Filter>
    </ClInclude>
    <ClInclude Include="InitAckCmd.h">
      <Filter>Header Files</Filter>
    </ClInclude>
    <ClInclude Include="ICmdReceiver.h">
      <Filter>Header Files</Filter>
    </ClInclude>
    <ClInclude Include="IGameContext.h">
      <Filter>Header Files</Filter>
    </ClInclude>
    <ClInclude Include="PlayTurnAckCmd.h">
      <Filter>Header Files</Filter>
    </ClInclude>
    <ClInclude Include="PlayerManual.h">
      <Filter>Header Files</Filter>
    </ClInclude>
  </ItemGroup>
</Project>